<?xml version="1.0" encoding="utf-8"?>
<Project ToolsVersion="4.0" xmlns="http://schemas.microsoft.com/developer/msbuild/2003">
  <ItemGroup>
    <Filter Include="Source Files">
      <UniqueIdentifier>{4FC737F1-C7A5-4376-A066-2A32D752A2FF}</UniqueIdentifier>
      <Extensions>cpp;c;cc;cxx;def;odl;idl;hpj;bat;asm;asmx</Extensions>
    </Filter>
    <Filter Include="Header Files">
      <UniqueIdentifier>{93995380-89BD-4b04-88EB-625FBE52EBFB}</UniqueIdentifier>
      <Extensions>h;hh;hpp;hxx;hm;inl;inc;xsd</Extensions>
    </Filter>
    <Filter Include="Resource Files">
      <UniqueIdentifier>{67DA6AB6-F800-4c08-8B7A-83BB121AAD01}</UniqueIdentifier>
      <Extensions>rc;ico;cur;bmp;dlg;rc2;rct;bin;rgs;gif;jpg;jpeg;jpe;resx;tiff;tif;png;wav;mfcribbon-ms</Extensions>
    </Filter>
    <Filter Include="Header Files\Core">
      <UniqueIdentifier>{1834108f-afad-4a9c-bae6-625d41084592}</UniqueIdentifier>
    </Filter>
    <Filter Include="Header Files\UI">
      <UniqueIdentifier>{6a357cc4-7143-4ac2-82a6-47143e37220e}</UniqueIdentifier>
    </Filter>
    <Filter Include="Header Files\Managers">
      <UniqueIdentifier>{871f017b-2e30-4c79-be9f-d813a0add4cd}</UniqueIdentifier>
    </Filter>
    <Filter Include="Header Files\Managers\Graphics">
      <UniqueIdentifier>{d105ba16-cf25-48ff-a639-6429421d0a41}</UniqueIdentifier>
    </Filter>
    <Filter Include="Header Files\Managers\Input">
      <UniqueIdentifier>{64a91f69-ad7b-4918-bb45-84d2f1454ba5}</UniqueIdentifier>
    </Filter>
  </ItemGroup>
  <ItemGroup>
    <ClCompile Include="Source.cpp">
      <Filter>Source Files</Filter>
    </ClCompile>
    <ClCompile Include="Core\FalloutEngine.cpp">
      <Filter>Header Files\Core</Filter>
    </ClCompile>
    <ClCompile Include="UI\Display.cpp">
      <Filter>Header Files\UI</Filter>
    </ClCompile>
    <ClCompile Include="UI\WinWindow.cpp">
      <Filter>Header Files\UI</Filter>
    </ClCompile>
    <ClCompile Include="Managers\DXManager.cpp">
      <Filter>Header Files\Managers\Graphics</Filter>
    </ClCompile>
    <ClCompile Include="Managers\GLManager.cpp">
      <Filter>Header Files\Managers\Graphics</Filter>
    </ClCompile>
    <ClCompile Include="Managers\IGXManager.cpp">
      <Filter>Header Files\Managers\Graphics</Filter>
    </ClCompile>
    <ClCompile Include="Managers\IKeyboard.cpp">
      <Filter>Header Files\Managers\Input</Filter>
    </ClCompile>
    <ClCompile Include="Managers\GLKeyboard.cpp">
      <Filter>Header Files\Managers\Input</Filter>
    </ClCompile>
  </ItemGroup>
  <ItemGroup>
    <ClInclude Include="Core\FalloutEngine.h">
      <Filter>Header Files\Core</Filter>
    </ClInclude>
    <ClInclude Include="UI\Display.h">
      <Filter>Header Files\UI</Filter>
    </ClInclude>
    <ClInclude Include="Core\FalloutCore.h">
      <Filter>Header Files\Core</Filter>
    </ClInclude>
    <ClInclude Include="UI\FalloutUI.h">
      <Filter>Header Files\UI</Filter>
    </ClInclude>
    <ClInclude Include="UI\WinWindow.h">
      <Filter>Header Files\UI</Filter>
    </ClInclude>
    <ClInclude Include="Managers\DXManager.h">
      <Filter>Header Files\Managers\Graphics</Filter>
    </ClInclude>
    <ClInclude Include="Managers\FalloutManagers.h">
      <Filter>Header Files\Managers\Graphics</Filter>
    </ClInclude>
    <ClInclude Include="Managers\GLManager.h">
      <Filter>Header Files\Managers\Graphics</Filter>
    </ClInclude>
    <ClInclude Include="Managers\IGXManager.h">
      <Filter>Header Files\Managers\Graphics</Filter>
    </ClInclude>
    <ClInclude Include="Managers\IKeyboard.h">
      <Filter>Header Files\Managers\Input</Filter>
    </ClInclude>
    <ClInclude Include="Managers\GLKeyboard.h">
      <Filter>Header Files\Managers\Input</Filter>
    </ClInclude>
  </ItemGroup>
</Project>